
Microsoft Visual Studio Solution File, Format Version 12.00
# Visual Studio Version 17
VisualStudioVersion = 17.7.34221.43
MinimumVisualStudioVersion = 10.0.40219.1
Project("{9A19103F-16F7-4668-BE54-9A1E7A4F7556}") = "FlipbookMaker", "FlipbookMaker\FlipbookMaker.csproj", "{D0870D48-600F-42A7-9621-BEB5057DE53E}"
EndProject
Global
	GlobalSection(SolutionConfigurationPlatforms) = preSolution
		Debug|Any CPU = Debug|Any CPU
		Release|Any CPU = Release|Any CPU
	EndGlobalSection
	GlobalSection(ProjectConfigurationPlatforms) = postSolution
		{D0870D48-600F-42A7-9621-BEB5057DE53E}.Debug|Any CPU.ActiveCfg = Debug|Any CPU
		{D0870D48-600F-42A7-9621-BEB5057DE53E}.Debug|Any CPU.Build.0 = Debug|Any CPU
		{D0870D48-600F-42A7-9621-BEB5057DE53E}.Release|Any CPU.ActiveCfg = Release|Any CPU
		{D0870D48-600F-42A7-9621-BEB5057DE53E}.Release|Any CPU.Build.0 = Release|Any CPU
	EndGlobalSection
	GlobalSection(SolutionProperties) = preSolution
		HideSolutionNode = FALSE
	EndGlobalSection
	GlobalSection(ExtensibilityGlobals) = postSolution
		SolutionGuid = {718A363E-C451-4A11-99A2-605E2EB0C4BA}
	EndGlobalSection
EndGlobal
